
Microsoft Visual Studio Solution File, Format Version 12.00
# Visual Studio Version 17
VisualStudioVersion = 17.9.34723.18
MinimumVisualStudioVersion = 10.0.40219.1
Project("{9A19103F-16F7-4668-BE54-9A1E7A4F7556}") = "PetShelter", "PetShelter\PetShelter.csproj", "{0F1D54FB-2450-4E53-9E13-6D82B5320AE8}"
EndProject
Project("{9A19103F-16F7-4668-BE54-9A1E7A4F7556}") = "PetShelter.Shared", "PetShelter.Shared\PetShelter.Shared.csproj", "{80F73939-E1D5-418B-9186-E8FCCB95AF0C}"
EndProject
Project("{9A19103F-16F7-4668-BE54-9A1E7A4F7556}") = "PetShelter.Data", "PetShelter.Data\PetShelter.Data.csproj", "{799089E7-FD7A-4FA0-BC1B-C012E21BF72B}"
EndProject
Project("{9A19103F-16F7-4668-BE54-9A1E7A4F7556}") = "PetShelter.Services", "PetShelter.Services\PetShelter.Services.csproj", "{31156B6B-F976-45E5-A6F4-36D58C06E336}"
EndProject
Project("{9A19103F-16F7-4668-BE54-9A1E7A4F7556}") = "PetShelter.Tests", "PetShelter.Tests\PetShelter.Tests.csproj", "{610BC166-1944-423F-BF21-FA425AD40384}"
EndProject
Global
	GlobalSection(SolutionConfigurationPlatforms) = preSolution
		Debug|Any CPU = Debug|Any CPU
		Release|Any CPU = Release|Any CPU
	EndGlobalSection
	GlobalSection(ProjectConfigurationPlatforms) = postSolution
		{0F1D54FB-2450-4E53-9E13-6D82B5320AE8}.Debug|Any CPU.ActiveCfg = Debug|Any CPU
		{0F1D54FB-2450-4E53-9E13-6D82B5320AE8}.Debug|Any CPU.Build.0 = Debug|Any CPU
		{0F1D54FB-2450-4E53-9E13-6D82B5320AE8}.Release|Any CPU.ActiveCfg = Release|Any CPU
		{0F1D54FB-2450-4E53-9E13-6D82B5320AE8}.Release|Any CPU.Build.0 = Release|Any CPU
		{80F73939-E1D5-418B-9186-E8FCCB95AF0C}.Debug|Any CPU.ActiveCfg = Debug|Any CPU
		{80F73939-E1D5-418B-9186-E8FCCB95AF0C}.Debug|Any CPU.Build.0 = Debug|Any CPU
		{80F73939-E1D5-418B-9186-E8FCCB95AF0C}.Release|Any CPU.ActiveCfg = Release|Any CPU
		{80F73939-E1D5-418B-9186-E8FCCB95AF0C}.Release|Any CPU.Build.0 = Release|Any CPU
		{799089E7-FD7A-4FA0-BC1B-C012E21BF72B}.Debug|Any CPU.ActiveCfg = Debug|Any CPU
		{799089E7-FD7A-4FA0-BC1B-C012E21BF72B}.Debug|Any CPU.Build.0 = Debug|Any CPU
		{799089E7-FD7A-4FA0-BC1B-C012E21BF72B}.Release|Any CPU.ActiveCfg = Release|Any CPU
		{799089E7-FD7A-4FA0-BC1B-C012E21BF72B}.Release|Any CPU.Build.0 = Release|Any CPU
		{31156B6B-F976-45E5-A6F4-36D58C06E336}.Debug|Any CPU.ActiveCfg = Debug|Any CPU
		{31156B6B-F976-45E5-A6F4-36D58C06E336}.Debug|Any CPU.Build.0 = Debug|Any CPU
		{31156B6B-F976-45E5-A6F4-36D58C06E336}.Release|Any CPU.ActiveCfg = Release|Any CPU
		{31156B6B-F976-45E5-A6F4-36D58C06E336}.Release|Any CPU.Build.0 = Release|Any CPU
		{610BC166-1944-423F-BF21-FA425AD40384}.Debug|Any CPU.ActiveCfg = Debug|Any CPU
		{610BC166-1944-423F-BF21-FA425AD40384}.Debug|Any CPU.Build.0 = Debug|Any CPU
		{610BC166-1944-423F-BF21-FA425AD40384}.Release|Any CPU.ActiveCfg = Release|Any CPU
		{610BC166-1944-423F-BF21-FA425AD40384}.Release|Any CPU.Build.0 = Release|Any CPU
	EndGlobalSection
	GlobalSection(SolutionProperties) = preSolution
		HideSolutionNode = FALSE
	EndGlobalSection
	GlobalSection(ExtensibilityGlobals) = postSolution
		SolutionGuid = {8C1AFCCD-C74D-4237-B20C-26E6A362D084}
	EndGlobalSection
EndGlobal
